// !$*UTF8*$!
{
	archiveVersion = 1;
	classes = {
	};
	objectVersion = 50;
	objects = {

/* Begin PBXBuildFile section */
		29E371692540BFAB00B4BB79 /* AppDelegate.swift in Sources */ = {isa = PBXBuildFile; fileRef = 29E371682540BFAB00B4BB79 /* AppDelegate.swift */; };
		29E3716B2540BFAB00B4BB79 /* SceneDelegate.swift in Sources */ = {isa = PBXBuildFile; fileRef = 29E3716A2540BFAB00B4BB79 /* SceneDelegate.swift */; };
		29E3716D2540BFAB00B4BB79 /* ViewController.swift in Sources */ = {isa = PBXBuildFile; fileRef = 29E3716C2540BFAB00B4BB79 /* ViewController.swift */; };
		29E371702540BFAB00B4BB79 /* Main.storyboard in Resources */ = {isa = PBXBuildFile; fileRef = 29E3716E2540BFAB00B4BB79 /* Main.storyboard */; };
		29E371722540BFAB00B4BB79 /* Assets.xcassets in Resources */ = {isa = PBXBuildFile; fileRef = 29E371712540BFAB00B4BB79 /* Assets.xcassets */; };
		29E371752540BFAB00B4BB79 /* LaunchScreen.storyboard in Resources */ = {isa = PBXBuildFile; fileRef = 29E371732540BFAB00B4BB79 /* LaunchScreen.storyboard */; };
/* End PBXBuildFile section */

/* Begin PBXFileReference section */
		29E371652540BFAB00B4BB79 /* Ganugapati_Kousthub_Whack-A-Mole.app */ = {isa = PBXFileReference; explicitFileType = wrapper.application; includeInIndex = 0; path = "Ganugapati_Kousthub_Whack-A-Mole.app"; sourceTree = BUILT_PRODUCTS_DIR; };
		29E371682540BFAB00B4BB79 /* AppDelegate.swift */ = {isa = PBXFileReference; lastKnownFileType = sourcecode.swift; path = AppDelegate.swift; sourceTree = "<group>"; };
		29E3716A2540BFAB00B4BB79 /* SceneDelegate.swift */ = {isa = PBXFileReference; lastKnownFileType = sourcecode.swift; path = SceneDelegate.swift; sourceTree = "<group>"; };
		29E3716C2540BFAB00B4BB79 /* ViewController.swift */ = {isa = PBXFileReference; lastKnownFileType = sourcecode.swift; path = ViewController.swift; sourceTree = "<group>"; };
		29E3716F2540BFAB00B4BB79 /* Base */ = {isa = PBXFileReference; lastKnownFileType = file.storyboard; name = Base; path = Base.lproj/Main.storyboard; sourceTree = "<group>"; };
		29E371712540BFAB00B4BB79 /* Assets.xcassets */ = {isa = PBXFileReference; lastKnownFileType = folder.assetcatalog; path = Assets.xcassets; sourceTree = "<group>"; };
		29E371742540BFAB00B4BB79 /* Base */ = {isa = PBXFileReference; lastKnownFileType = file.storyboard; name = Base; path = Base.lproj/LaunchScreen.storyboard; sourceTree = "<group>"; };
		29E371762540BFAB00B4BB79 /* Info.plist */ = {isa = PBXFileReference; lastKnownFileType = text.plist.xml; path = Info.plist; sourceTree = "<group>"; };
/* End PBXFileReference section */

/* Begin PBXFrameworksBuildPhase section */
		29E371622540BFAB00B4BB79 /* Frameworks */ = {
			isa = PBXFrameworksBuildPhase;
			buildActionMask = 2147483647;
			files = (
			);
			runOnlyForDeploymentPostprocessing = 0;
		};
/* End PBXFrameworksBuildPhase section */

/* Begin PBXGroup section */
		29E3715C2540BFAB00B4BB79 = {
			isa = PBXGroup;
			children = (
				29E371672540BFAB00B4BB79 /* Ganugapati_Kousthub_Whack-A-Mole */,
				29E371662540BFAB00B4BB79 /* Products */,
			);
			sourceTree = "<group>";
		};
		29E371662540BFAB00B4BB79 /* Products */ = {
			isa = PBXGroup;
			children = (
				29E371652540BFAB00B4BB79 /* Ganugapati_Kousthub_Whack-A-Mole.app */,
			);
			name = Products;
			sourceTree = "<group>";
		};
		29E371672540BFAB00B4BB79 /* Ganugapati_Kousthub_Whack-A-Mole */ = {
			isa = PBXGroup;
			children = (
				29E371682540BFAB00B4BB79 /* AppDelegate.swift */,
				29E3716A2540BFAB00B4BB79 /* SceneDelegate.swift */,
				29E3716C2540BFAB00B4BB79 /* ViewController.swift */,
				29E3716E2540BFAB00B4BB79 /* Main.storyboard */,
				29E371712540BFAB00B4BB79 /* Assets.xcassets */,
				29E371732540BFAB00B4BB79 /* LaunchScreen.storyboard */,
				29E371762540BFAB00B4BB79 /* Info.plist */,
			);
			path = "Ganugapati_Kousthub_Whack-A-Mole";
			sourceTree = "<group>";
		};
/* End PBXGroup section */

/* Begin PBXNativeTarget section */
		29E371642540BFAB00B4BB79 /* Ganugapati_Kousthub_Whack-A-Mole */ = {
			isa = PBXNativeTarget;
			buildConfigurationList = 29E371792540BFAB00B4BB79 /* Build configuration list for PBXNativeTarget "Ganugapati_Kousthub_Whack-A-Mole" */;
			buildPhases = (
				29E371612540BFAB00B4BB79 /* Sources */,
				29E371622540BFAB00B4BB79 /* Frameworks */,
				29E371632540BFAB00B4BB79 /* Resources */,
			);
			buildRules = (
			);
			dependencies = (
			);
			name = "Ganugapati_Kousthub_Whack-A-Mole";
			productName = "Ganugapati_Kousthub_Whack-A-Mole";
			productReference = 29E371652540BFAB00B4BB79 /* Ganugapati_Kousthub_Whack-A-Mole.app */;
			productType = "com.apple.product-type.application";
		};
/* End PBXNativeTarget section */

/* Begin PBXProject section */
		29E3715D2540BFAB00B4BB79 /* Project object */ = {
			isa = PBXProject;
			attributes = {
				LastSwiftUpdateCheck = 1130;
				LastUpgradeCheck = 1130;
				ORGANIZATIONNAME = "Ganugapati, Kousthub S";
				TargetAttributes = {
					29E371642540BFAB00B4BB79 = {
						CreatedOnToolsVersion = 11.3;
					};
				};
			};
			buildConfigurationList = 29E371602540BFAB00B4BB79 /* Build configuration list for PBXProject "Ganugapati_Kousthub_Whack-A-Mole" */;
			compatibilityVersion = "Xcode 9.3";
			developmentRegion = en;
			hasScannedForEncodings = 0;
			knownRegions = (
				en,
				Base,
			);
			mainGroup = 29E3715C2540BFAB00B4BB79;
			productRefGroup = 29E371662540BFAB00B4BB79 /* Products */;
			projectDirPath = "";
			projectRoot = "";
			targets = (
				29E371642540BFAB00B4BB79 /* Ganugapati_Kousthub_Whack-A-Mole */,
			);
		};
/* End PBXProject section */

/* Begin PBXResourcesBuildPhase section */
		29E371632540BFAB00B4BB79 /* Resources */ = {
			isa = PBXResourcesBuildPhase;
			buildActionMask = 2147483647;
			files = (
				29E371752540BFAB00B4BB79 /* LaunchScreen.storyboard in Resources */,
				29E371722540BFAB00B4BB79 /* Assets.xcassets in Resources */,
				29E371702540BFAB00B4BB79 /* Main.storyboard in Resources */,
			);
			runOnlyForDeploymentPostprocessing = 0;
		};
/* End PBXResourcesBuildPhase section */

/* Begin PBXSourcesBuildPhase section */
		29E371612540BFAB00B4BB79 /* Sources */ = {
			isa = PBXSourcesBuildPhase;
			buildActionMask = 2147483647;
			files = (
				29E3716D2540BFAB00B4BB79 /* ViewController.swift in Sources */,
				29E371692540BFAB00B4BB79 /* AppDelegate.swift in Sources */,
				29E3716B2540BFAB00B4BB79 /* SceneDelegate.swift in Sources */,
			);
			runOnlyForDeploymentPostprocessing = 0;
		};
/* End PBXSourcesBuildPhase section */

/* Begin PBXVariantGroup section */
		29E3716E2540BFAB00B4BB79 /* Main.storyboard */ = {
			isa = PBXVariantGroup;
			children = (
				29E3716F2540BFAB00B4BB79 /* Base */,
			);
			name = Main.storyboard;
			sourceTree = "<group>";
		};
		29E371732540BFAB00B4BB79 /* LaunchScreen.storyboard */ = {
			isa = PBXVariantGroup;
			children = (
				29E371742540BFAB00B4BB79 /* Base */,
			);
			name = LaunchScreen.storyboard;
			sourceTree = "<group>";
		};
/* End PBXVariantGroup section */

/* Begin XCBuildConfiguration section */
		29E371772540BFAB00B4BB79 /* Debug */ = {
			isa = XCBuildConfiguration;
			buildSettings = {
				ALWAYS_SEARCH_USER_PATHS = NO;
				CLANG_ANALYZER_NONNULL = YES;
				CLANG_ANALYZER_NUMBER_OBJECT_CONVERSION = YES_AGGRESSIVE;
				CLANG_CXX_LANGUAGE_STANDARD = "gnu++14";
				CLANG_CXX_LIBRARY = "libc++";
				CLANG_ENABLE_MODULES = YES;
				CLANG_ENABLE_OBJC_ARC = YES;
				CLANG_ENABLE_OBJC_WEAK = YES;
				CLANG_WARN_BLOCK_CAPTURE_AUTORELEASING = YES;
				CLANG_WARN_BOOL_CONVERSION = YES;
				CLANG_WARN_COMMA = YES;
				CLANG_WARN_CONSTANT_CONVERSION = YES;
				CLANG_WARN_DEPRECATED_OBJC_IMPLEMENTATIONS = YES;
				CLANG_WARN_DIRECT_OBJC_ISA_USAGE = YES_ERROR;
				CLANG_WARN_DOCUMENTATION_COMMENTS = YES;
				CLANG_WARN_EMPTY_BODY = YES;
				CLANG_WARN_ENUM_CONVERSION = YES;
				CLANG_WARN_INFINITE_RECURSION = YES;
				CLANG_WARN_INT_CONVERSION = YES;
				CLANG_WARN_NON_LITERAL_NULL_CONVERSION = YES;
				CLANG_WARN_OBJC_IMPLICIT_RETAIN_SELF = YES;
				CLANG_WARN_OBJC_LITERAL_CONVERSION = YES;
				CLANG_WARN_OBJC_ROOT_CLASS = YES_ERROR;
				CLANG_WARN_RANGE_LOOP_ANALYSIS = YES;
				CLANG_WARN_STRICT_PROTOTYPES = YES;
				CLANG_WARN_SUSPICIOUS_MOVE = YES;
				CLANG_WARN_UNGUARDED_AVAILABILITY = YES_AGGRESSIVE;
				CLANG_WARN_UNREACHABLE_CODE = YES;
				CLANG_WARN__DUPLICATE_METHOD_MATCH = YES;
				COPY_PHASE_STRIP = NO;
				DEBUG_INFORMATION_FORMAT = dwarf;
				ENABLE_STRICT_OBJC_MSGSEND = YES;
				ENABLE_TESTABILITY = YES;
				GCC_C_LANGUAGE_STANDARD = gnu11;
				GCC_DYNAMIC_NO_PIC = NO;
				GCC_NO_COMMON_BLOCKS = YES;
				GCC_OPTIMIZATION_LEVEL = 0;
				GCC_PREPROCESSOR_DEFINITIONS = (
					"DEBUG=1",
					"$(inherited)",
				);
				GCC_WARN_64_TO_32_BIT_CONVERSION = YES;
				GCC_WARN_ABOUT_RETURN_TYPE = YES_ERROR;
				GCC_WARN_UNDECLARED_SELECTOR = YES;
				GCC_WARN_UNINITIALIZED_AUTOS = YES_AGGRESSIVE;
				GCC_WARN_UNUSED_FUNCTION = YES;
				GCC_WARN_UNUSED_VARIABLE = YES;
				IPHONEOS_DEPLOYMENT_TARGET = 13.2;
				MTL_ENABLE_DEBUG_INFO = INCLUDE_SOURCE;
				MTL_FAST_MATH = YES;
				ONLY_ACTIVE_ARCH = YES;
				SDKROOT = iphoneos;
				SWIFT_ACTIVE_COMPILATION_CONDITIONS = DEBUG;
				SWIFT_OPTIMIZATION_LEVEL = "-Onone";
			};
			name = Debug;
		};
		29E371782540BFAB00B4BB79 /* Release */ = {
			isa = XCBuildConfiguration;
			buildSettings = {
				ALWAYS_SEARCH_USER_PATHS = NO;
				CLANG_ANALYZER_NONNULL = YES;
				CLANG_ANALYZER_NUMBER_OBJECT_CONVERSION = YES_AGGRESSIVE;
				CLANG_CXX_LANGUAGE_STANDARD = "gnu++14";
				CLANG_CXX_LIBRARY = "libc++";
				CLANG_ENABLE_MODULES = YES;
				CLANG_ENABLE_OBJC_ARC = YES;
				CLANG_ENABLE_OBJC_WEAK = YES;
				CLANG_WARN_BLOCK_CAPTURE_AUTORELEASING = YES;
				CLANG_WARN_BOOL_CONVERSION = YES;
				CLANG_WARN_COMMA = YES;
				CLANG_WARN_CONSTANT_CONVERSION = YES;
				CLANG_WARN_DEPRECATED_OBJC_IMPLEMENTATIONS = YES;
				CLANG_WARN_DIRECT_OBJC_ISA_USAGE = YES_ERROR;
				CLANG_WARN_DOCUMENTATION_COMMENTS = YES;
				CLANG_WARN_EMPTY_BODY = YES;
				CLANG_WARN_ENUM_CONVERSION = YES;
				CLANG_WARN_INFINITE_RECURSION = YES;
				CLANG_WARN_INT_CONVERSION = YES;
				CLANG_WARN_NON_LITERAL_NULL_CONVERSION = YES;
				CLANG_WARN_OBJC_IMPLICIT_RETAIN_SELF = YES;
				CLANG_WARN_OBJC_LITERAL_CONVERSION = YES;
				CLANG_WARN_OBJC_ROOT_CLASS = YES_ERROR;
				CLANG_WARN_RANGE_LOOP_ANALYSIS = YES;
				CLANG_WARN_STRICT_PROTOTYPES = YES;
				CLANG_WARN_SUSPICIOUS_MOVE = YES;
				CLANG_WARN_UNGUARDED_AVAILABILITY = YES_AGGRESSIVE;
				CLANG_WARN_UNREACHABLE_CODE = YES;
				CLANG_WARN__DUPLICATE_METHOD_MATCH = YES;
				COPY_PHASE_STRIP = NO;
				DEBUG_INFORMATION_FORMAT = "dwarf-with-dsym";
				ENABLE_NS_ASSERTIONS = NO;
				ENABLE_STRICT_OBJC_MSGSEND = YES;
				GCC_C_LANGUAGE_STANDARD = gnu11;
				GCC_NO_COMMON_BLOCKS = YES;
				GCC_WARN_64_TO_32_BIT_CONVERSION = YES;
				GCC_WARN_ABOUT_RETURN_TYPE = YES_ERROR;
				GCC_WARN_UNDECLARED_SELECTOR = YES;
				GCC_WARN_UNINITIALIZED_AUTOS = YES_AGGRESSIVE;
				GCC_WARN_UNUSED_FUNCTION = YES;
				GCC_WARN_UNUSED_VARIABLE = YES;
				IPHONEOS_DEPLOYMENT_TARGET = 13.2;
				MTL_ENABLE_DEBUG_INFO = NO;
				MTL_FAST_MATH = YES;
				SDKROOT = iphoneos;
				SWIFT_COMPILATION_MODE = wholemodule;
				SWIFT_OPTIMIZATION_LEVEL = "-O";
				VALIDATE_PRODUCT = YES;
			};
			name = Release;
		};
		29E3717A2540BFAB00B4BB79 /* Debug */ = {
			isa = XCBuildConfiguration;
			buildSettings = {
				ASSETCATALOG_COMPILER_APPICON_NAME = AppIcon;
				CODE_SIGN_STYLE = Automatic;
				DEVELOPMENT_TEAM = Y345UTV9YS;
				INFOPLIST_FILE = "Ganugapati_Kousthub_Whack-A-Mole/Info.plist";
				LD_RUNPATH_SEARCH_PATHS = (
					"$(inherited)",
					"@executable_path/Frameworks",
				);
				PRODUCT_BUNDLE_IDENTIFIER = "org.friscoisd.k12.Ganugapati-Kousthub-Whack-A-Mole";
				PRODUCT_NAME = "$(TARGET_NAME)";
				SWIFT_VERSION = 5.0;
				TARGETED_DEVICE_FAMILY = "1,2";
			};
			name = Debug;
		};
		29E3717B2540BFAB00B4BB79 /* Release */ = {
			isa = XCBuildConfiguration;
			buildSettings = {
				ASSETCATALOG_COMPILER_APPICON_NAME = AppIcon;
				CODE_SIGN_STYLE = Automatic;
				DEVELOPMENT_TEAM = Y345UTV9YS;
				INFOPLIST_FILE = "Ganugapati_Kousthub_Whack-A-Mole/Info.plist";
				LD_RUNPATH_SEARCH_PATHS = (
					"$(inherited)",
					"@executable_path/Frameworks",
				);
				PRODUCT_BUNDLE_IDENTIFIER = "org.friscoisd.k12.Ganugapati-Kousthub-Whack-A-Mole";
				PRODUCT_NAME = "$(TARGET_NAME)";
				SWIFT_VERSION = 5.0;
				TARGETED_DEVICE_FAMILY = "1,2";
			};
			name = Release;
		};
/* End XCBuildConfiguration section */

/* Begin XCConfigurationList section */
		29E371602540BFAB00B4BB79 /* Build configuration list for PBXProject "Ganugapati_Kousthub_Whack-A-Mole" */ = {
			isa = XCConfigurationList;
			buildConfigurations = (
				29E371772540BFAB00B4BB79 /* Debug */,
				29E371782540BFAB00B4BB79 /* Release */,
			);
			defaultConfigurationIsVisible = 0;
			defaultConfigurationName = Release;
		};
		29E371792540BFAB00B4BB79 /* Build configuration list for PBXNativeTarget "Ganugapati_Kousthub_Whack-A-Mole" */ = {
			isa = XCConfigurationList;
			buildConfigurations = (
				29E3717A2540BFAB00B4BB79 /* Debug */,
				29E3717B2540BFAB00B4BB79 /* Release */,
			);
			defaultConfigurationIsVisible = 0;
			defaultConfigurationName = Release;
		};
/* End XCConfigurationList section */
	};
	rootObject = 29E3715D2540BFAB00B4BB79 /* Project object */;
}
